
Microsoft Visual Studio Solution File, Format Version 12.00
# Visual Studio Version 17
VisualStudioVersion = 17.5.002.0
MinimumVisualStudioVersion = 10.0.40219.1
Project("{9A19103F-16F7-4668-BE54-9A1E7A4F7556}") = "07", "07.csproj", "{3ECE495A-690B-421C-A266-F499C3C9F3C2}"
EndProject
Global
	GlobalSection(SolutionConfigurationPlatforms) = preSolution
		Debug|Any CPU = Debug|Any CPU
		Release|Any CPU = Release|Any CPU
	EndGlobalSection
	GlobalSection(ProjectConfigurationPlatforms) = postSolution
		{3ECE495A-690B-421C-A266-F499C3C9F3C2}.Debug|Any CPU.ActiveCfg = Debug|Any CPU
		{3ECE495A-690B-421C-A266-F499C3C9F3C2}.Debug|Any CPU.Build.0 = Debug|Any CPU
		{3ECE495A-690B-421C-A266-F499C3C9F3C2}.Release|Any CPU.ActiveCfg = Release|Any CPU
		{3ECE495A-690B-421C-A266-F499C3C9F3C2}.Release|Any CPU.Build.0 = Release|Any CPU
	EndGlobalSection
	GlobalSection(SolutionProperties) = preSolution
		HideSolutionNode = FALSE
	EndGlobalSection
	GlobalSection(ExtensibilityGlobals) = postSolution
		SolutionGuid = {7AEED09E-37F1-4257-BD74-A48077C81812}
	EndGlobalSection
EndGlobal
