
Microsoft Visual Studio Solution File, Format Version 12.00
# Visual Studio Version 17
VisualStudioVersion = 17.5.002.0
MinimumVisualStudioVersion = 10.0.40219.1
Project("{9A19103F-16F7-4668-BE54-9A1E7A4F7556}") = "AoC", "AoC.csproj", "{34D52174-3CB8-4306-9091-6FFCE4D918B9}"
EndProject
Global
	GlobalSection(SolutionConfigurationPlatforms) = preSolution
		Debug|Any CPU = Debug|Any CPU
		Release|Any CPU = Release|Any CPU
	EndGlobalSection
	GlobalSection(ProjectConfigurationPlatforms) = postSolution
		{34D52174-3CB8-4306-9091-6FFCE4D918B9}.Debug|Any CPU.ActiveCfg = Debug|Any CPU
		{34D52174-3CB8-4306-9091-6FFCE4D918B9}.Debug|Any CPU.Build.0 = Debug|Any CPU
		{34D52174-3CB8-4306-9091-6FFCE4D918B9}.Release|Any CPU.ActiveCfg = Release|Any CPU
		{34D52174-3CB8-4306-9091-6FFCE4D918B9}.Release|Any CPU.Build.0 = Release|Any CPU
	EndGlobalSection
	GlobalSection(SolutionProperties) = preSolution
		HideSolutionNode = FALSE
	EndGlobalSection
	GlobalSection(ExtensibilityGlobals) = postSolution
		SolutionGuid = {954AAB8D-2C79-441D-9962-F94514A0616C}
	EndGlobalSection
EndGlobal
