
Microsoft Visual Studio Solution File, Format Version 12.00
# Visual Studio Version 17
VisualStudioVersion = 17.5.002.0
MinimumVisualStudioVersion = 10.0.40219.1
Project("{9A19103F-16F7-4668-BE54-9A1E7A4F7556}") = "04", "04.csproj", "{73277215-0C47-4CD9-A31D-F6AAD3FFC3BB}"
EndProject
Global
	GlobalSection(SolutionConfigurationPlatforms) = preSolution
		Debug|Any CPU = Debug|Any CPU
		Release|Any CPU = Release|Any CPU
	EndGlobalSection
	GlobalSection(ProjectConfigurationPlatforms) = postSolution
		{73277215-0C47-4CD9-A31D-F6AAD3FFC3BB}.Debug|Any CPU.ActiveCfg = Debug|Any CPU
		{73277215-0C47-4CD9-A31D-F6AAD3FFC3BB}.Debug|Any CPU.Build.0 = Debug|Any CPU
		{73277215-0C47-4CD9-A31D-F6AAD3FFC3BB}.Release|Any CPU.ActiveCfg = Release|Any CPU
		{73277215-0C47-4CD9-A31D-F6AAD3FFC3BB}.Release|Any CPU.Build.0 = Release|Any CPU
	EndGlobalSection
	GlobalSection(SolutionProperties) = preSolution
		HideSolutionNode = FALSE
	EndGlobalSection
	GlobalSection(ExtensibilityGlobals) = postSolution
		SolutionGuid = {FCB3A1D1-A4E5-48E9-B312-D1AF003853AE}
	EndGlobalSection
EndGlobal
