
Microsoft Visual Studio Solution File, Format Version 12.00
# Visual Studio Version 17
VisualStudioVersion = 17.5.002.0
MinimumVisualStudioVersion = 10.0.40219.1
Project("{9A19103F-16F7-4668-BE54-9A1E7A4F7556}") = "09", "09.csproj", "{F526AB3B-435F-41DE-BA69-0E1A8B2AA354}"
EndProject
Global
	GlobalSection(SolutionConfigurationPlatforms) = preSolution
		Debug|Any CPU = Debug|Any CPU
		Release|Any CPU = Release|Any CPU
	EndGlobalSection
	GlobalSection(ProjectConfigurationPlatforms) = postSolution
		{F526AB3B-435F-41DE-BA69-0E1A8B2AA354}.Debug|Any CPU.ActiveCfg = Debug|Any CPU
		{F526AB3B-435F-41DE-BA69-0E1A8B2AA354}.Debug|Any CPU.Build.0 = Debug|Any CPU
		{F526AB3B-435F-41DE-BA69-0E1A8B2AA354}.Release|Any CPU.ActiveCfg = Release|Any CPU
		{F526AB3B-435F-41DE-BA69-0E1A8B2AA354}.Release|Any CPU.Build.0 = Release|Any CPU
	EndGlobalSection
	GlobalSection(SolutionProperties) = preSolution
		HideSolutionNode = FALSE
	EndGlobalSection
	GlobalSection(ExtensibilityGlobals) = postSolution
		SolutionGuid = {815FABB3-6F11-4D10-8220-893E6B87D418}
	EndGlobalSection
EndGlobal
