
Microsoft Visual Studio Solution File, Format Version 12.00
# Visual Studio Version 17
VisualStudioVersion = 17.5.002.0
MinimumVisualStudioVersion = 10.0.40219.1
Project("{9A19103F-16F7-4668-BE54-9A1E7A4F7556}") = "18", "18.csproj", "{19629003-A9AD-4E85-B7E5-EF3DA25EC5DB}"
EndProject
Global
	GlobalSection(SolutionConfigurationPlatforms) = preSolution
		Debug|Any CPU = Debug|Any CPU
		Release|Any CPU = Release|Any CPU
	EndGlobalSection
	GlobalSection(ProjectConfigurationPlatforms) = postSolution
		{19629003-A9AD-4E85-B7E5-EF3DA25EC5DB}.Debug|Any CPU.ActiveCfg = Debug|Any CPU
		{19629003-A9AD-4E85-B7E5-EF3DA25EC5DB}.Debug|Any CPU.Build.0 = Debug|Any CPU
		{19629003-A9AD-4E85-B7E5-EF3DA25EC5DB}.Release|Any CPU.ActiveCfg = Release|Any CPU
		{19629003-A9AD-4E85-B7E5-EF3DA25EC5DB}.Release|Any CPU.Build.0 = Release|Any CPU
	EndGlobalSection
	GlobalSection(SolutionProperties) = preSolution
		HideSolutionNode = FALSE
	EndGlobalSection
	GlobalSection(ExtensibilityGlobals) = postSolution
		SolutionGuid = {4A1C7A64-8262-4B21-949D-14B5E3E68F5B}
	EndGlobalSection
EndGlobal
